
Microsoft Visual Studio Solution File, Format Version 12.00
# Visual Studio Version 16
VisualStudioVersion = 16.0.30804.86
MinimumVisualStudioVersion = 10.0.40219.1
Project("{FAE04EC0-301F-11D3-BF4B-00C04F79EFBC}") = "CSharpExercises_29", "CSharpExercises_29.csproj", "{70A61644-BE25-40E7-947A-C6DA43D5F35E}"
EndProject
Global
	GlobalSection(SolutionConfigurationPlatforms) = preSolution
		Debug|Any CPU = Debug|Any CPU
		Release|Any CPU = Release|Any CPU
	EndGlobalSection
	GlobalSection(ProjectConfigurationPlatforms) = postSolution
		{70A61644-BE25-40E7-947A-C6DA43D5F35E}.Debug|Any CPU.ActiveCfg = Debug|Any CPU
		{70A61644-BE25-40E7-947A-C6DA43D5F35E}.Debug|Any CPU.Build.0 = Debug|Any CPU
		{70A61644-BE25-40E7-947A-C6DA43D5F35E}.Release|Any CPU.ActiveCfg = Release|Any CPU
		{70A61644-BE25-40E7-947A-C6DA43D5F35E}.Release|Any CPU.Build.0 = Release|Any CPU
	EndGlobalSection
	GlobalSection(SolutionProperties) = preSolution
		HideSolutionNode = FALSE
	EndGlobalSection
	GlobalSection(ExtensibilityGlobals) = postSolution
		SolutionGuid = {F29841C9-3C7F-45E6-875E-759E2BCA06BA}
	EndGlobalSection
EndGlobal
